
Microsoft Visual Studio Solution File, Format Version 12.00
Project("{2150E333-8FDC-42A3-9474-1A3956D46DE8}") = "Consumers", "Consumers", "{99695018-E686-462C-9312-A6EBFF62103E}"
EndProject
Project("{2150E333-8FDC-42A3-9474-1A3956D46DE8}") = "Provider", "Provider", "{631124B8-83C8-4E2C-9FD2-7AEE06FEFBFA}"
EndProject
Project("{FAE04EC0-301F-11D3-BF4B-00C04F79EFBC}") = "SushiTrackerApi", "SushiTrackerApi\SushiTrackerApi.csproj", "{65CC48DB-F8D1-4B6C-85D7-A81BCD00277A}"
EndProject
Project("{FAE04EC0-301F-11D3-BF4B-00C04F79EFBC}") = "SushiTrackerApi.ProducerTests", "SushiTrackerApi.ProducerTests\SushiTrackerApi.ProducerTests.csproj", "{EAA88C15-D37A-49FD-BA57-F4FB42515D2D}"
EndProject
Project("{FAE04EC0-301F-11D3-BF4B-00C04F79EFBC}") = "SushiCashier", "SushiCashier\SushiCashier.csproj", "{F339BEC1-E6CD-42A2-ACBA-F0EEFAAD10F2}"
EndProject
Project("{FAE04EC0-301F-11D3-BF4B-00C04F79EFBC}") = "SushiCashier.ConsumerTests", "SushiCashier.ConsumerTests\SushiCashier.ConsumerTests.csproj", "{D0C9076F-921B-48A5-942C-654398E755B8}"
EndProject
Project("{FAE04EC0-301F-11D3-BF4B-00C04F79EFBC}") = "SushiTrackerApiContracts", "SushiTrackerApiContracts\SushiTrackerApiContracts.csproj", "{458A0BCC-7EB0-41E2-92F3-8341B5059EAB}"
EndProject
Project("{FAE04EC0-301F-11D3-BF4B-00C04F79EFBC}") = "SushiMobileApi", "SushiMobileApi\SushiMobileApi.csproj", "{622B241D-3A63-447B-8760-83BFB18B0060}"
EndProject
Project("{FAE04EC0-301F-11D3-BF4B-00C04F79EFBC}") = "SushiMobileApi.ConsumerTests", "SushiMobileApi.ConsumerTests\SushiMobileApi.ConsumerTests.csproj", "{3205CE59-9608-4FD6-BF31-03559A228DE8}"
EndProject
Global
	GlobalSection(SolutionConfigurationPlatforms) = preSolution
		Debug|Any CPU = Debug|Any CPU
		Release|Any CPU = Release|Any CPU
	EndGlobalSection
	GlobalSection(ProjectConfigurationPlatforms) = postSolution
		{A77437D5-3E21-42B7-9C4F-F87BC7E6E275}.Debug|Any CPU.ActiveCfg = Debug|Any CPU
		{A77437D5-3E21-42B7-9C4F-F87BC7E6E275}.Debug|Any CPU.Build.0 = Debug|Any CPU
		{A77437D5-3E21-42B7-9C4F-F87BC7E6E275}.Release|Any CPU.ActiveCfg = Release|Any CPU
		{A77437D5-3E21-42B7-9C4F-F87BC7E6E275}.Release|Any CPU.Build.0 = Release|Any CPU
		{D1158B76-AEB0-474D-9697-623B9157C40F}.Debug|Any CPU.ActiveCfg = Debug|Any CPU
		{D1158B76-AEB0-474D-9697-623B9157C40F}.Debug|Any CPU.Build.0 = Debug|Any CPU
		{D1158B76-AEB0-474D-9697-623B9157C40F}.Release|Any CPU.ActiveCfg = Release|Any CPU
		{D1158B76-AEB0-474D-9697-623B9157C40F}.Release|Any CPU.Build.0 = Release|Any CPU
		{65CC48DB-F8D1-4B6C-85D7-A81BCD00277A}.Debug|Any CPU.ActiveCfg = Debug|Any CPU
		{65CC48DB-F8D1-4B6C-85D7-A81BCD00277A}.Debug|Any CPU.Build.0 = Debug|Any CPU
		{65CC48DB-F8D1-4B6C-85D7-A81BCD00277A}.Release|Any CPU.ActiveCfg = Release|Any CPU
		{65CC48DB-F8D1-4B6C-85D7-A81BCD00277A}.Release|Any CPU.Build.0 = Release|Any CPU
		{EAA88C15-D37A-49FD-BA57-F4FB42515D2D}.Debug|Any CPU.ActiveCfg = Debug|Any CPU
		{EAA88C15-D37A-49FD-BA57-F4FB42515D2D}.Debug|Any CPU.Build.0 = Debug|Any CPU
		{EAA88C15-D37A-49FD-BA57-F4FB42515D2D}.Release|Any CPU.ActiveCfg = Release|Any CPU
		{EAA88C15-D37A-49FD-BA57-F4FB42515D2D}.Release|Any CPU.Build.0 = Release|Any CPU
		{F339BEC1-E6CD-42A2-ACBA-F0EEFAAD10F2}.Debug|Any CPU.ActiveCfg = Debug|Any CPU
		{F339BEC1-E6CD-42A2-ACBA-F0EEFAAD10F2}.Debug|Any CPU.Build.0 = Debug|Any CPU
		{F339BEC1-E6CD-42A2-ACBA-F0EEFAAD10F2}.Release|Any CPU.ActiveCfg = Release|Any CPU
		{F339BEC1-E6CD-42A2-ACBA-F0EEFAAD10F2}.Release|Any CPU.Build.0 = Release|Any CPU
		{D0C9076F-921B-48A5-942C-654398E755B8}.Debug|Any CPU.ActiveCfg = Debug|Any CPU
		{D0C9076F-921B-48A5-942C-654398E755B8}.Debug|Any CPU.Build.0 = Debug|Any CPU
		{D0C9076F-921B-48A5-942C-654398E755B8}.Release|Any CPU.ActiveCfg = Release|Any CPU
		{D0C9076F-921B-48A5-942C-654398E755B8}.Release|Any CPU.Build.0 = Release|Any CPU
		{458A0BCC-7EB0-41E2-92F3-8341B5059EAB}.Debug|Any CPU.ActiveCfg = Debug|Any CPU
		{458A0BCC-7EB0-41E2-92F3-8341B5059EAB}.Debug|Any CPU.Build.0 = Debug|Any CPU
		{458A0BCC-7EB0-41E2-92F3-8341B5059EAB}.Release|Any CPU.ActiveCfg = Release|Any CPU
		{458A0BCC-7EB0-41E2-92F3-8341B5059EAB}.Release|Any CPU.Build.0 = Release|Any CPU
		{622B241D-3A63-447B-8760-83BFB18B0060}.Debug|Any CPU.ActiveCfg = Debug|Any CPU
		{622B241D-3A63-447B-8760-83BFB18B0060}.Debug|Any CPU.Build.0 = Debug|Any CPU
		{622B241D-3A63-447B-8760-83BFB18B0060}.Release|Any CPU.ActiveCfg = Release|Any CPU
		{622B241D-3A63-447B-8760-83BFB18B0060}.Release|Any CPU.Build.0 = Release|Any CPU
		{3205CE59-9608-4FD6-BF31-03559A228DE8}.Debug|Any CPU.ActiveCfg = Debug|Any CPU
		{3205CE59-9608-4FD6-BF31-03559A228DE8}.Debug|Any CPU.Build.0 = Debug|Any CPU
		{3205CE59-9608-4FD6-BF31-03559A228DE8}.Release|Any CPU.ActiveCfg = Release|Any CPU
		{3205CE59-9608-4FD6-BF31-03559A228DE8}.Release|Any CPU.Build.0 = Release|Any CPU
	EndGlobalSection
	GlobalSection(NestedProjects) = preSolution
		{65CC48DB-F8D1-4B6C-85D7-A81BCD00277A} = {631124B8-83C8-4E2C-9FD2-7AEE06FEFBFA}
		{EAA88C15-D37A-49FD-BA57-F4FB42515D2D} = {631124B8-83C8-4E2C-9FD2-7AEE06FEFBFA}
		{F339BEC1-E6CD-42A2-ACBA-F0EEFAAD10F2} = {99695018-E686-462C-9312-A6EBFF62103E}
		{D0C9076F-921B-48A5-942C-654398E755B8} = {99695018-E686-462C-9312-A6EBFF62103E}
		{458A0BCC-7EB0-41E2-92F3-8341B5059EAB} = {631124B8-83C8-4E2C-9FD2-7AEE06FEFBFA}
		{622B241D-3A63-447B-8760-83BFB18B0060} = {99695018-E686-462C-9312-A6EBFF62103E}
		{3205CE59-9608-4FD6-BF31-03559A228DE8} = {99695018-E686-462C-9312-A6EBFF62103E}
	EndGlobalSection
EndGlobal
